// !$*UTF8*$!
{
	archiveVersion = 1;
	classes = {
	};
	objectVersion = 50;
	objects = {

/* Begin PBXBuildFile section */
		FF68B1EF21C597FA00A5433A /* AppDelegate.swift in Sources */ = {isa = PBXBuildFile; fileRef = FF68B1EE21C597FA00A5433A /* AppDelegate.swift */; };
		FF68B1F121C597FA00A5433A /* ViewController.swift in Sources */ = {isa = PBXBuildFile; fileRef = FF68B1F021C597FA00A5433A /* ViewController.swift */; };
		FF68B1F421C597FA00A5433A /* Main.storyboard in Resources */ = {isa = PBXBuildFile; fileRef = FF68B1F221C597FA00A5433A /* Main.storyboard */; };
		FF68B1F621C597FC00A5433A /* Assets.xcassets in Resources */ = {isa = PBXBuildFile; fileRef = FF68B1F521C597FC00A5433A /* Assets.xcassets */; };
		FF68B1F921C597FC00A5433A /* LaunchScreen.storyboard in Resources */ = {isa = PBXBuildFile; fileRef = FF68B1F721C597FC00A5433A /* LaunchScreen.storyboard */; };
		FF89853121C93DC500419F02 /* RegisterViewController.swift in Sources */ = {isa = PBXBuildFile; fileRef = FF89853021C93DC500419F02 /* RegisterViewController.swift */; };
		FF89853321CA8AD600419F02 /* NotesTableViewController.swift in Sources */ = {isa = PBXBuildFile; fileRef = FF89853221CA8AD600419F02 /* NotesTableViewController.swift */; };
		FF94AC1A21C9372E006BB755 /* LoginViewController.swift in Sources */ = {isa = PBXBuildFile; fileRef = FF94AC1921C9372E006BB755 /* LoginViewController.swift */; };
		FFEDA99121CC95B000E6EF40 /* Note.swift in Sources */ = {isa = PBXBuildFile; fileRef = FFEDA99021CC95B000E6EF40 /* Note.swift */; };
		FFEDA99421CCA6CB00E6EF40 /* NoteTableViewCell.swift in Sources */ = {isa = PBXBuildFile; fileRef = FFEDA99321CCA6CB00E6EF40 /* NoteTableViewCell.swift */; };
		FFEDA99721D16C5A00E6EF40 /* NoteDetailViewController.swift in Sources */ = {isa = PBXBuildFile; fileRef = FFEDA99621D16C5A00E6EF40 /* NoteDetailViewController.swift */; };
/* End PBXBuildFile section */

/* Begin PBXFileReference section */
		FF68B1EB21C597FA00A5433A /* SpeakOnIt.app */ = {isa = PBXFileReference; explicitFileType = wrapper.application; includeInIndex = 0; path = SpeakOnIt.app; sourceTree = BUILT_PRODUCTS_DIR; };
		FF68B1EE21C597FA00A5433A /* AppDelegate.swift */ = {isa = PBXFileReference; lastKnownFileType = sourcecode.swift; path = AppDelegate.swift; sourceTree = "<group>"; };
		FF68B1F021C597FA00A5433A /* ViewController.swift */ = {isa = PBXFileReference; lastKnownFileType = sourcecode.swift; path = ViewController.swift; sourceTree = "<group>"; };
		FF68B1F321C597FA00A5433A /* Base */ = {isa = PBXFileReference; lastKnownFileType = file.storyboard; name = Base; path = Base.lproj/Main.storyboard; sourceTree = "<group>"; };
		FF68B1F521C597FC00A5433A /* Assets.xcassets */ = {isa = PBXFileReference; lastKnownFileType = folder.assetcatalog; path = Assets.xcassets; sourceTree = "<group>"; };
		FF68B1F821C597FC00A5433A /* Base */ = {isa = PBXFileReference; lastKnownFileType = file.storyboard; name = Base; path = Base.lproj/LaunchScreen.storyboard; sourceTree = "<group>"; };
		FF68B1FA21C597FC00A5433A /* Info.plist */ = {isa = PBXFileReference; lastKnownFileType = text.plist.xml; path = Info.plist; sourceTree = "<group>"; };
		FF89853021C93DC500419F02 /* RegisterViewController.swift */ = {isa = PBXFileReference; lastKnownFileType = sourcecode.swift; path = RegisterViewController.swift; sourceTree = "<group>"; };
		FF89853221CA8AD600419F02 /* NotesTableViewController.swift */ = {isa = PBXFileReference; lastKnownFileType = sourcecode.swift; path = NotesTableViewController.swift; sourceTree = "<group>"; };
		FF94AC1921C9372E006BB755 /* LoginViewController.swift */ = {isa = PBXFileReference; lastKnownFileType = sourcecode.swift; path = LoginViewController.swift; sourceTree = "<group>"; };
		FFEDA99021CC95B000E6EF40 /* Note.swift */ = {isa = PBXFileReference; lastKnownFileType = sourcecode.swift; path = Note.swift; sourceTree = "<group>"; };
		FFEDA99321CCA6CB00E6EF40 /* NoteTableViewCell.swift */ = {isa = PBXFileReference; lastKnownFileType = sourcecode.swift; path = NoteTableViewCell.swift; sourceTree = "<group>"; };
		FFEDA99621D16C5A00E6EF40 /* NoteDetailViewController.swift */ = {isa = PBXFileReference; lastKnownFileType = sourcecode.swift; path = NoteDetailViewController.swift; sourceTree = "<group>"; };
/* End PBXFileReference section */

/* Begin PBXFrameworksBuildPhase section */
		FF68B1E821C597FA00A5433A /* Frameworks */ = {
			isa = PBXFrameworksBuildPhase;
			buildActionMask = 2147483647;
			files = (
			);
			runOnlyForDeploymentPostprocessing = 0;
		};
/* End PBXFrameworksBuildPhase section */

/* Begin PBXGroup section */
		FF68B1E221C597FA00A5433A = {
			isa = PBXGroup;
			children = (
				FF68B1ED21C597FA00A5433A /* SpeakOnIt */,
				FF68B1EC21C597FA00A5433A /* Products */,
			);
			sourceTree = "<group>";
		};
		FF68B1EC21C597FA00A5433A /* Products */ = {
			isa = PBXGroup;
			children = (
				FF68B1EB21C597FA00A5433A /* SpeakOnIt.app */,
			);
			name = Products;
			sourceTree = "<group>";
		};
		FF68B1ED21C597FA00A5433A /* SpeakOnIt */ = {
			isa = PBXGroup;
			children = (
				FF68B1EE21C597FA00A5433A /* AppDelegate.swift */,
				FFEDA99521CCB06F00E6EF40 /* Controllers */,
				FFEDA99221CC95B900E6EF40 /* Models */,
				FFEDA98F21CC958A00E6EF40 /* Views */,
				FF68B1F521C597FC00A5433A /* Assets.xcassets */,
				FF68B1F721C597FC00A5433A /* LaunchScreen.storyboard */,
				FF68B1FA21C597FC00A5433A /* Info.plist */,
			);
			path = SpeakOnIt;
			sourceTree = "<group>";
		};
		FFEDA98F21CC958A00E6EF40 /* Views */ = {
			isa = PBXGroup;
			children = (
				FF68B1F221C597FA00A5433A /* Main.storyboard */,
				FFEDA99321CCA6CB00E6EF40 /* NoteTableViewCell.swift */,
			);
			path = Views;
			sourceTree = "<group>";
		};
		FFEDA99221CC95B900E6EF40 /* Models */ = {
			isa = PBXGroup;
			children = (
				FFEDA99021CC95B000E6EF40 /* Note.swift */,
			);
			path = Models;
			sourceTree = "<group>";
		};
		FFEDA99521CCB06F00E6EF40 /* Controllers */ = {
			isa = PBXGroup;
			children = (
				FF94AC1921C9372E006BB755 /* LoginViewController.swift */,
				FF89853021C93DC500419F02 /* RegisterViewController.swift */,
				FF68B1F021C597FA00A5433A /* ViewController.swift */,
				FF89853221CA8AD600419F02 /* NotesTableViewController.swift */,
				FFEDA99621D16C5A00E6EF40 /* NoteDetailViewController.swift */,
			);
			path = Controllers;
			sourceTree = "<group>";
		};
/* End PBXGroup section */

/* Begin PBXNativeTarget section */
		FF68B1EA21C597FA00A5433A /* SpeakOnIt */ = {
			isa = PBXNativeTarget;
			buildConfigurationList = FF68B1FD21C597FC00A5433A /* Build configuration list for PBXNativeTarget "SpeakOnIt" */;
			buildPhases = (
				FF68B1E721C597FA00A5433A /* Sources */,
				FF68B1E821C597FA00A5433A /* Frameworks */,
				FF68B1E921C597FA00A5433A /* Resources */,
			);
			buildRules = (
			);
			dependencies = (
			);
			name = SpeakOnIt;
			productName = SpeakOnIt;
			productReference = FF68B1EB21C597FA00A5433A /* SpeakOnIt.app */;
			productType = "com.apple.product-type.application";
		};
/* End PBXNativeTarget section */

/* Begin PBXProject section */
		FF68B1E321C597FA00A5433A /* Project object */ = {
			isa = PBXProject;
			attributes = {
				LastSwiftUpdateCheck = 1010;
				LastUpgradeCheck = 1010;
				ORGANIZATIONNAME = "Campos Swift Tutorials";
				TargetAttributes = {
					FF68B1EA21C597FA00A5433A = {
						CreatedOnToolsVersion = 10.1;
					};
				};
			};
			buildConfigurationList = FF68B1E621C597FA00A5433A /* Build configuration list for PBXProject "SpeakOnIt" */;
			compatibilityVersion = "Xcode 9.3";
			developmentRegion = en;
			hasScannedForEncodings = 0;
			knownRegions = (
				en,
				Base,
			);
			mainGroup = FF68B1E221C597FA00A5433A;
			productRefGroup = FF68B1EC21C597FA00A5433A /* Products */;
			projectDirPath = "";
			projectRoot = "";
			targets = (
				FF68B1EA21C597FA00A5433A /* SpeakOnIt */,
			);
		};
/* End PBXProject section */

/* Begin PBXResourcesBuildPhase section */
		FF68B1E921C597FA00A5433A /* Resources */ = {
			isa = PBXResourcesBuildPhase;
			buildActionMask = 2147483647;
			files = (
				FF68B1F921C597FC00A5433A /* LaunchScreen.storyboard in Resources */,
				FF68B1F621C597FC00A5433A /* Assets.xcassets in Resources */,
				FF68B1F421C597FA00A5433A /* Main.storyboard in Resources */,
			);
			runOnlyForDeploymentPostprocessing = 0;
		};
/* End PBXResourcesBuildPhase section */

/* Begin PBXSourcesBuildPhase section */
		FF68B1E721C597FA00A5433A /* Sources */ = {
			isa = PBXSourcesBuildPhase;
			buildActionMask = 2147483647;
			files = (
				FF94AC1A21C9372E006BB755 /* LoginViewController.swift in Sources */,
				FFEDA99721D16C5A00E6EF40 /* NoteDetailViewController.swift in Sources */,
				FFEDA99121CC95B000E6EF40 /* Note.swift in Sources */,
				FF68B1F121C597FA00A5433A /* ViewController.swift in Sources */,
				FF68B1EF21C597FA00A5433A /* AppDelegate.swift in Sources */,
				FF89853121C93DC500419F02 /* RegisterViewController.swift in Sources */,
				FFEDA99421CCA6CB00E6EF40 /* NoteTableViewCell.swift in Sources */,
				FF89853321CA8AD600419F02 /* NotesTableViewController.swift in Sources */,
			);
			runOnlyForDeploymentPostprocessing = 0;
		};
/* End PBXSourcesBuildPhase section */

/* Begin PBXVariantGroup section */
		FF68B1F221C597FA00A5433A /* Main.storyboard */ = {
			isa = PBXVariantGroup;
			children = (
				FF68B1F321C597FA00A5433A /* Base */,
			);
			name = Main.storyboard;
			sourceTree = "<group>";
		};
		FF68B1F721C597FC00A5433A /* LaunchScreen.storyboard */ = {
			isa = PBXVariantGroup;
			children = (
				FF68B1F821C597FC00A5433A /* Base */,
			);
			name = LaunchScreen.storyboard;
			sourceTree = "<group>";
		};
/* End PBXVariantGroup section */

/* Begin XCBuildConfiguration section */
		FF68B1FB21C597FC00A5433A /* Debug */ = {
			isa = XCBuildConfiguration;
			buildSettings = {
				ALWAYS_SEARCH_USER_PATHS = NO;
				CLANG_ANALYZER_NONNULL = YES;
				CLANG_ANALYZER_NUMBER_OBJECT_CONVERSION = YES_AGGRESSIVE;
				CLANG_CXX_LANGUAGE_STANDARD = "gnu++14";
				CLANG_CXX_LIBRARY = "libc++";
				CLANG_ENABLE_MODULES = YES;
				CLANG_ENABLE_OBJC_ARC = YES;
				CLANG_ENABLE_OBJC_WEAK = YES;
				CLANG_WARN_BLOCK_CAPTURE_AUTORELEASING = YES;
				CLANG_WARN_BOOL_CONVERSION = YES;
				CLANG_WARN_COMMA = YES;
				CLANG_WARN_CONSTANT_CONVERSION = YES;
				CLANG_WARN_DEPRECATED_OBJC_IMPLEMENTATIONS = YES;
				CLANG_WARN_DIRECT_OBJC_ISA_USAGE = YES_ERROR;
				CLANG_WARN_DOCUMENTATION_COMMENTS = YES;
				CLANG_WARN_EMPTY_BODY = YES;
				CLANG_WARN_ENUM_CONVERSION = YES;
				CLANG_WARN_INFINITE_RECURSION = YES;
				CLANG_WARN_INT_CONVERSION = YES;
				CLANG_WARN_NON_LITERAL_NULL_CONVERSION = YES;
				CLANG_WARN_OBJC_IMPLICIT_RETAIN_SELF = YES;
				CLANG_WARN_OBJC_LITERAL_CONVERSION = YES;
				CLANG_WARN_OBJC_ROOT_CLASS = YES_ERROR;
				CLANG_WARN_RANGE_LOOP_ANALYSIS = YES;
				CLANG_WARN_STRICT_PROTOTYPES = YES;
				CLANG_WARN_SUSPICIOUS_MOVE = YES;
				CLANG_WARN_UNGUARDED_AVAILABILITY = YES_AGGRESSIVE;
				CLANG_WARN_UNREACHABLE_CODE = YES;
				CLANG_WARN__DUPLICATE_METHOD_MATCH = YES;
				CODE_SIGN_IDENTITY = "iPhone Developer";
				COPY_PHASE_STRIP = NO;
				DEBUG_INFORMATION_FORMAT = dwarf;
				ENABLE_STRICT_OBJC_MSGSEND = YES;
				ENABLE_TESTABILITY = YES;
				GCC_C_LANGUAGE_STANDARD = gnu11;
				GCC_DYNAMIC_NO_PIC = NO;
				GCC_NO_COMMON_BLOCKS = YES;
				GCC_OPTIMIZATION_LEVEL = 0;
				GCC_PREPROCESSOR_DEFINITIONS = (
					"DEBUG=1",
					"$(inherited)",
				);
				GCC_WARN_64_TO_32_BIT_CONVERSION = YES;
				GCC_WARN_ABOUT_RETURN_TYPE = YES_ERROR;
				GCC_WARN_UNDECLARED_SELECTOR = YES;
				GCC_WARN_UNINITIALIZED_AUTOS = YES_AGGRESSIVE;
				GCC_WARN_UNUSED_FUNCTION = YES;
				GCC_WARN_UNUSED_VARIABLE = YES;
				IPHONEOS_DEPLOYMENT_TARGET = 12.1;
				MTL_ENABLE_DEBUG_INFO = INCLUDE_SOURCE;
				MTL_FAST_MATH = YES;
				ONLY_ACTIVE_ARCH = YES;
				SDKROOT = iphoneos;
				SWIFT_ACTIVE_COMPILATION_CONDITIONS = DEBUG;
				SWIFT_OPTIMIZATION_LEVEL = "-Onone";
			};
			name = Debug;
		};
		FF68B1FC21C597FC00A5433A /* Release */ = {
			isa = XCBuildConfiguration;
			buildSettings = {
				ALWAYS_SEARCH_USER_PATHS = NO;
				CLANG_ANALYZER_NONNULL = YES;
				CLANG_ANALYZER_NUMBER_OBJECT_CONVERSION = YES_AGGRESSIVE;
				CLANG_CXX_LANGUAGE_STANDARD = "gnu++14";
				CLANG_CXX_LIBRARY = "libc++";
				CLANG_ENABLE_MODULES = YES;
				CLANG_ENABLE_OBJC_ARC = YES;
				CLANG_ENABLE_OBJC_WEAK = YES;
				CLANG_WARN_BLOCK_CAPTURE_AUTORELEASING = YES;
				CLANG_WARN_BOOL_CONVERSION = YES;
				CLANG_WARN_COMMA = YES;
				CLANG_WARN_CONSTANT_CONVERSION = YES;
				CLANG_WARN_DEPRECATED_OBJC_IMPLEMENTATIONS = YES;
				CLANG_WARN_DIRECT_OBJC_ISA_USAGE = YES_ERROR;
				CLANG_WARN_DOCUMENTATION_COMMENTS = YES;
				CLANG_WARN_EMPTY_BODY = YES;
				CLANG_WARN_ENUM_CONVERSION = YES;
				CLANG_WARN_INFINITE_RECURSION = YES;
				CLANG_WARN_INT_CONVERSION = YES;
				CLANG_WARN_NON_LITERAL_NULL_CONVERSION = YES;
				CLANG_WARN_OBJC_IMPLICIT_RETAIN_SELF = YES;
				CLANG_WARN_OBJC_LITERAL_CONVERSION = YES;
				CLANG_WARN_OBJC_ROOT_CLASS = YES_ERROR;
				CLANG_WARN_RANGE_LOOP_ANALYSIS = YES;
				CLANG_WARN_STRICT_PROTOTYPES = YES;
				CLANG_WARN_SUSPICIOUS_MOVE = YES;
				CLANG_WARN_UNGUARDED_AVAILABILITY = YES_AGGRESSIVE;
				CLANG_WARN_UNREACHABLE_CODE = YES;
				CLANG_WARN__DUPLICATE_METHOD_MATCH = YES;
				CODE_SIGN_IDENTITY = "iPhone Developer";
				COPY_PHASE_STRIP = NO;
				DEBUG_INFORMATION_FORMAT = "dwarf-with-dsym";
				ENABLE_NS_ASSERTIONS = NO;
				ENABLE_STRICT_OBJC_MSGSEND = YES;
				GCC_C_LANGUAGE_STANDARD = gnu11;
				GCC_NO_COMMON_BLOCKS = YES;
				GCC_WARN_64_TO_32_BIT_CONVERSION = YES;
				GCC_WARN_ABOUT_RETURN_TYPE = YES_ERROR;
				GCC_WARN_UNDECLARED_SELECTOR = YES;
				GCC_WARN_UNINITIALIZED_AUTOS = YES_AGGRESSIVE;
				GCC_WARN_UNUSED_FUNCTION = YES;
				GCC_WARN_UNUSED_VARIABLE = YES;
				IPHONEOS_DEPLOYMENT_TARGET = 12.1;
				MTL_ENABLE_DEBUG_INFO = NO;
				MTL_FAST_MATH = YES;
				SDKROOT = iphoneos;
				SWIFT_COMPILATION_MODE = wholemodule;
				SWIFT_OPTIMIZATION_LEVEL = "-O";
				VALIDATE_PRODUCT = YES;
			};
			name = Release;
		};
		FF68B1FE21C597FC00A5433A /* Debug */ = {
			isa = XCBuildConfiguration;
			buildSettings = {
				ASSETCATALOG_COMPILER_APPICON_NAME = AppIcon;
				CODE_SIGN_STYLE = Automatic;
				DEVELOPMENT_TEAM = 4C76Q7PD22;
				INFOPLIST_FILE = SpeakOnIt/Info.plist;
				LD_RUNPATH_SEARCH_PATHS = (
					"$(inherited)",
					"@executable_path/Frameworks",
				);
				PRODUCT_BUNDLE_IDENTIFIER = campos.swift.tutorials.SpeakOnIt;
				PRODUCT_NAME = "$(TARGET_NAME)";
				SWIFT_VERSION = 4.2;
				TARGETED_DEVICE_FAMILY = "1,2";
			};
			name = Debug;
		};
		FF68B1FF21C597FC00A5433A /* Release */ = {
			isa = XCBuildConfiguration;
			buildSettings = {
				ASSETCATALOG_COMPILER_APPICON_NAME = AppIcon;
				CODE_SIGN_STYLE = Automatic;
				DEVELOPMENT_TEAM = 4C76Q7PD22;
				INFOPLIST_FILE = SpeakOnIt/Info.plist;
				LD_RUNPATH_SEARCH_PATHS = (
					"$(inherited)",
					"@executable_path/Frameworks",
				);
				PRODUCT_BUNDLE_IDENTIFIER = campos.swift.tutorials.SpeakOnIt;
				PRODUCT_NAME = "$(TARGET_NAME)";
				SWIFT_VERSION = 4.2;
				TARGETED_DEVICE_FAMILY = "1,2";
			};
			name = Release;
		};
/* End XCBuildConfiguration section */

/* Begin XCConfigurationList section */
		FF68B1E621C597FA00A5433A /* Build configuration list for PBXProject "SpeakOnIt" */ = {
			isa = XCConfigurationList;
			buildConfigurations = (
				FF68B1FB21C597FC00A5433A /* Debug */,
				FF68B1FC21C597FC00A5433A /* Release */,
			);
			defaultConfigurationIsVisible = 0;
			defaultConfigurationName = Release;
		};
		FF68B1FD21C597FC00A5433A /* Build configuration list for PBXNativeTarget "SpeakOnIt" */ = {
			isa = XCConfigurationList;
			buildConfigurations = (
				FF68B1FE21C597FC00A5433A /* Debug */,
				FF68B1FF21C597FC00A5433A /* Release */,
			);
			defaultConfigurationIsVisible = 0;
			defaultConfigurationName = Release;
		};
/* End XCConfigurationList section */
	};
	rootObject = FF68B1E321C597FA00A5433A /* Project object */;
}
